
Microsoft Visual Studio Solution File, Format Version 12.00
# Visual Studio Version 17
VisualStudioVersion = 17.2.32526.322
MinimumVisualStudioVersion = 10.0.40219.1
Project("{FAE04EC0-301F-11D3-BF4B-00C04F79EFBC}") = "MvcMovie", "MvcMovie\MvcMovie.csproj", "{B2157661-0438-4C08-9734-7030868770CE}"
EndProject
Global
	GlobalSection(SolutionConfigurationPlatforms) = preSolution
		Debug|Any CPU = Debug|Any CPU
		Release|Any CPU = Release|Any CPU
	EndGlobalSection
	GlobalSection(ProjectConfigurationPlatforms) = postSolution
		{B2157661-0438-4C08-9734-7030868770CE}.Debug|Any CPU.ActiveCfg = Debug|Any CPU
		{B2157661-0438-4C08-9734-7030868770CE}.Debug|Any CPU.Build.0 = Debug|Any CPU
		{B2157661-0438-4C08-9734-7030868770CE}.Release|Any CPU.ActiveCfg = Release|Any CPU
		{B2157661-0438-4C08-9734-7030868770CE}.Release|Any CPU.Build.0 = Release|Any CPU
	EndGlobalSection
	GlobalSection(SolutionProperties) = preSolution
		HideSolutionNode = FALSE
	EndGlobalSection
	GlobalSection(ExtensibilityGlobals) = postSolution
		SolutionGuid = {FFFB606F-473F-4F81-B0FB-E38073F51861}
	EndGlobalSection
EndGlobal
